
Microsoft Visual Studio Solution File, Format Version 12.00
# Visual Studio Version 17
VisualStudioVersion = 17.3.32825.248
MinimumVisualStudioVersion = 10.0.40219.1
Project("{FAE04EC0-301F-11D3-BF4B-00C04F79EFBC}") = "Project 1 - Calculator", "Project 1 - Calculator\Project 1 - Calculator.csproj", "{6F9336C7-EF26-4744-887C-C4A9284E989E}"
EndProject
Global
	GlobalSection(SolutionConfigurationPlatforms) = preSolution
		Debug|Any CPU = Debug|Any CPU
		Release|Any CPU = Release|Any CPU
	EndGlobalSection
	GlobalSection(ProjectConfigurationPlatforms) = postSolution
		{6F9336C7-EF26-4744-887C-C4A9284E989E}.Debug|Any CPU.ActiveCfg = Debug|Any CPU
		{6F9336C7-EF26-4744-887C-C4A9284E989E}.Debug|Any CPU.Build.0 = Debug|Any CPU
		{6F9336C7-EF26-4744-887C-C4A9284E989E}.Release|Any CPU.ActiveCfg = Release|Any CPU
		{6F9336C7-EF26-4744-887C-C4A9284E989E}.Release|Any CPU.Build.0 = Release|Any CPU
	EndGlobalSection
	GlobalSection(SolutionProperties) = preSolution
		HideSolutionNode = FALSE
	EndGlobalSection
	GlobalSection(ExtensibilityGlobals) = postSolution
		SolutionGuid = {A0E5F893-0E92-45E2-B380-FCFD08918520}
	EndGlobalSection
EndGlobal
